
Microsoft Visual Studio Solution File, Format Version 12.00
# Visual Studio 14
VisualStudioVersion = 14.0.23107.0
MinimumVisualStudioVersion = 10.0.40219.1
Project("{FAE04EC0-301F-11D3-BF4B-00C04F79EFBC}") = "Switch1", "Switch1\Switch1.csproj", "{9E5F0D9F-FF88-44A2-BC56-7423F15270B9}"
EndProject
Project("{FAE04EC0-301F-11D3-BF4B-00C04F79EFBC}") = "Q3", "Q3\Q3.csproj", "{944CBAD2-168E-4376-B67F-34A67C8E4D23}"
EndProject
Project("{FAE04EC0-301F-11D3-BF4B-00C04F79EFBC}") = "Q4", "Q4\Q4.csproj", "{901A45EF-9EA5-4838-B547-9BBF3BA0F49B}"
EndProject
Global
	GlobalSection(SolutionConfigurationPlatforms) = preSolution
		Debug|Any CPU = Debug|Any CPU
		Release|Any CPU = Release|Any CPU
	EndGlobalSection
	GlobalSection(ProjectConfigurationPlatforms) = postSolution
		{9E5F0D9F-FF88-44A2-BC56-7423F15270B9}.Debug|Any CPU.ActiveCfg = Debug|Any CPU
		{9E5F0D9F-FF88-44A2-BC56-7423F15270B9}.Debug|Any CPU.Build.0 = Debug|Any CPU
		{9E5F0D9F-FF88-44A2-BC56-7423F15270B9}.Release|Any CPU.ActiveCfg = Release|Any CPU
		{9E5F0D9F-FF88-44A2-BC56-7423F15270B9}.Release|Any CPU.Build.0 = Release|Any CPU
		{944CBAD2-168E-4376-B67F-34A67C8E4D23}.Debug|Any CPU.ActiveCfg = Debug|Any CPU
		{944CBAD2-168E-4376-B67F-34A67C8E4D23}.Debug|Any CPU.Build.0 = Debug|Any CPU
		{944CBAD2-168E-4376-B67F-34A67C8E4D23}.Release|Any CPU.ActiveCfg = Release|Any CPU
		{944CBAD2-168E-4376-B67F-34A67C8E4D23}.Release|Any CPU.Build.0 = Release|Any CPU
		{901A45EF-9EA5-4838-B547-9BBF3BA0F49B}.Debug|Any CPU.ActiveCfg = Debug|Any CPU
		{901A45EF-9EA5-4838-B547-9BBF3BA0F49B}.Debug|Any CPU.Build.0 = Debug|Any CPU
		{901A45EF-9EA5-4838-B547-9BBF3BA0F49B}.Release|Any CPU.ActiveCfg = Release|Any CPU
		{901A45EF-9EA5-4838-B547-9BBF3BA0F49B}.Release|Any CPU.Build.0 = Release|Any CPU
	EndGlobalSection
	GlobalSection(SolutionProperties) = preSolution
		HideSolutionNode = FALSE
	EndGlobalSection
EndGlobal
